
Microsoft Visual Studio Solution File, Format Version 12.00
# Visual Studio Version 17
VisualStudioVersion = 17.14.36414.22
MinimumVisualStudioVersion = 10.0.40219.1
Project("{FAE04EC0-301F-11D3-BF4B-00C04F79EFBC}") = "AprendendoSolid", "AprendendoSolid\AprendendoSolid.csproj", "{FD5E28B9-CEFC-4A3F-9394-7A57C7438232}"
EndProject
Project("{FAE04EC0-301F-11D3-BF4B-00C04F79EFBC}") = "InterfaceBoasPraticas", "InterfaceBoasPraticas\InterfaceBoasPraticas.csproj", "{379C7591-FDAF-4462-9E6B-64483E860F89}"
EndProject
Project("{FAE04EC0-301F-11D3-BF4B-00C04F79EFBC}") = "Exercicios", "Exercicios\Exercicios.csproj", "{82CCB042-6D34-489E-B90D-B7ED596B7135}"
EndProject
Project("{FAE04EC0-301F-11D3-BF4B-00C04F79EFBC}") = "ResolvendoExercicioSolid", "ResolvendoExercicioSolid\ResolvendoExercicioSolid.csproj", "{F6800095-1CC8-4360-9E31-B51E7673B2EE}"
EndProject
Global
	GlobalSection(SolutionConfigurationPlatforms) = preSolution
		Debug|Any CPU = Debug|Any CPU
		Release|Any CPU = Release|Any CPU
	EndGlobalSection
	GlobalSection(ProjectConfigurationPlatforms) = postSolution
		{FD5E28B9-CEFC-4A3F-9394-7A57C7438232}.Debug|Any CPU.ActiveCfg = Debug|Any CPU
		{FD5E28B9-CEFC-4A3F-9394-7A57C7438232}.Debug|Any CPU.Build.0 = Debug|Any CPU
		{FD5E28B9-CEFC-4A3F-9394-7A57C7438232}.Release|Any CPU.ActiveCfg = Release|Any CPU
		{FD5E28B9-CEFC-4A3F-9394-7A57C7438232}.Release|Any CPU.Build.0 = Release|Any CPU
		{379C7591-FDAF-4462-9E6B-64483E860F89}.Debug|Any CPU.ActiveCfg = Debug|Any CPU
		{379C7591-FDAF-4462-9E6B-64483E860F89}.Debug|Any CPU.Build.0 = Debug|Any CPU
		{379C7591-FDAF-4462-9E6B-64483E860F89}.Release|Any CPU.ActiveCfg = Release|Any CPU
		{379C7591-FDAF-4462-9E6B-64483E860F89}.Release|Any CPU.Build.0 = Release|Any CPU
		{82CCB042-6D34-489E-B90D-B7ED596B7135}.Debug|Any CPU.ActiveCfg = Debug|Any CPU
		{82CCB042-6D34-489E-B90D-B7ED596B7135}.Debug|Any CPU.Build.0 = Debug|Any CPU
		{82CCB042-6D34-489E-B90D-B7ED596B7135}.Release|Any CPU.ActiveCfg = Release|Any CPU
		{82CCB042-6D34-489E-B90D-B7ED596B7135}.Release|Any CPU.Build.0 = Release|Any CPU
		{F6800095-1CC8-4360-9E31-B51E7673B2EE}.Debug|Any CPU.ActiveCfg = Debug|Any CPU
		{F6800095-1CC8-4360-9E31-B51E7673B2EE}.Debug|Any CPU.Build.0 = Debug|Any CPU
		{F6800095-1CC8-4360-9E31-B51E7673B2EE}.Release|Any CPU.ActiveCfg = Release|Any CPU
		{F6800095-1CC8-4360-9E31-B51E7673B2EE}.Release|Any CPU.Build.0 = Release|Any CPU
	EndGlobalSection
	GlobalSection(SolutionProperties) = preSolution
		HideSolutionNode = FALSE
	EndGlobalSection
	GlobalSection(ExtensibilityGlobals) = postSolution
		SolutionGuid = {36233A81-13E6-49F4-B018-E8E65C37E06F}
	EndGlobalSection
EndGlobal
